
Microsoft Visual Studio Solution File, Format Version 12.00
# Visual Studio Version 16
VisualStudioVersion = 16.0.31129.286
MinimumVisualStudioVersion = 10.0.40219.1
Project("{FAE04EC0-301F-11D3-BF4B-00C04F79EFBC}") = "CompanyProject", "CompanyProject\CompanyProject.csproj", "{B98BCE52-B24B-4FBE-9759-355F2836AFB1}"
EndProject
Global
	GlobalSection(SolutionConfigurationPlatforms) = preSolution
		Debug|Any CPU = Debug|Any CPU
		Release|Any CPU = Release|Any CPU
	EndGlobalSection
	GlobalSection(ProjectConfigurationPlatforms) = postSolution
		{B98BCE52-B24B-4FBE-9759-355F2836AFB1}.Debug|Any CPU.ActiveCfg = Debug|Any CPU
		{B98BCE52-B24B-4FBE-9759-355F2836AFB1}.Debug|Any CPU.Build.0 = Debug|Any CPU
		{B98BCE52-B24B-4FBE-9759-355F2836AFB1}.Release|Any CPU.ActiveCfg = Release|Any CPU
		{B98BCE52-B24B-4FBE-9759-355F2836AFB1}.Release|Any CPU.Build.0 = Release|Any CPU
	EndGlobalSection
	GlobalSection(SolutionProperties) = preSolution
		HideSolutionNode = FALSE
	EndGlobalSection
	GlobalSection(ExtensibilityGlobals) = postSolution
		SolutionGuid = {52CB5B3A-F059-4C0D-AEC2-83796607BB35}
	EndGlobalSection
EndGlobal
